lockfileVersion: '6.0'

devDependencies:
  '@cloudflare/workers-types':
    specifier: ^4.20230518.0
    version: 4.20230518.0
  prettier:
    specifier: ^3.0.0
    version: 3.0.0
  typescript:
    specifier: ^5.0.4
    version: 5.0.4
  wrangler:
    specifier: link:/Users/glen/src/work/wrangler2/packages/wrangler
    version: link:../../work/wrangler2/packages/wrangler
  z-expect:
    specifier: ^0.0.3
    version: 0.0.3

packages:

  /@cloudflare/workers-types@4.20230518.0:
    resolution: {integrity: sha512-A0w1V+5SUawGaaPRlhFhSC/SCDT9oQG8TMoWOKFLA4qbqagELqEAFD4KySBIkeVOvCBLT1DZSYBMCxbXddl0kw==}
    dev: true

  /prettier@3.0.0:
    resolution: {integrity: sha512-zBf5eHpwHOGPC47h0zrPyNn+eAEIdEzfywMoYn2XPi0P44Zp0tSq64rq0xAREh4auw2cJZHo9QUob+NqCQky4g==}
    engines: {node: '>=14'}
    hasBin: true
    dev: true

  /typescript@5.0.4:
    resolution: {integrity: sha512-cW9T5W9xY37cc+jfEnaUvX91foxtHkza3Nw3wkoF4sSlKn0MONdkdEndig/qPBWXNkmplh3NzayQzCiHM4/hqw==}
    engines: {node: '>=12.20'}
    hasBin: true
    dev: true

  /z-expect@0.0.3:
    resolution: {integrity: sha512-p7FvERaFv4drusEdyWpDcAEwhn1gdmJe2dP9WoQxT74JgliPiQ7MquvWLXsVzwNKPypwtJghttIeIpi7xZtm/w==}
    dependencies:
      zod: 3.21.4
    dev: true

  /zod@3.21.4:
    resolution: {integrity: sha512-m46AKbrzKVzOzs/DZgVnG5H55N1sv1M8qZU3A8RIKbs3mrACDNeIOeilDymVb2HdmP8uwshOCF4uJ8uM9rCqJw==}
    dev: true
